
Microsoft Visual Studio Solution File, Format Version 12.00
# Visual Studio Version 17
VisualStudioVersion = 17.5.002.0
MinimumVisualStudioVersion = 10.0.40219.1
Project("{9A19103F-16F7-4668-BE54-9A1E7A4F7556}") = "VideoGameCollection", "VideoGameCollection\VideoGameCollection.csproj", "{9ADCB9DA-1622-462C-BD75-0053D569E990}"
EndProject
Global
	GlobalSection(SolutionConfigurationPlatforms) = preSolution
		Debug|Any CPU = Debug|Any CPU
		Release|Any CPU = Release|Any CPU
	EndGlobalSection
	GlobalSection(ProjectConfigurationPlatforms) = postSolution
		{9ADCB9DA-1622-462C-BD75-0053D569E990}.Debug|Any CPU.ActiveCfg = Debug|Any CPU
		{9ADCB9DA-1622-462C-BD75-0053D569E990}.Debug|Any CPU.Build.0 = Debug|Any CPU
		{9ADCB9DA-1622-462C-BD75-0053D569E990}.Release|Any CPU.ActiveCfg = Release|Any CPU
		{9ADCB9DA-1622-462C-BD75-0053D569E990}.Release|Any CPU.Build.0 = Release|Any CPU
	EndGlobalSection
	GlobalSection(SolutionProperties) = preSolution
		HideSolutionNode = FALSE
	EndGlobalSection
	GlobalSection(ExtensibilityGlobals) = postSolution
		SolutionGuid = {E77BE00D-65D2-407C-8218-53668CA60D51}
	EndGlobalSection
EndGlobal
